Microsoft Visual Studio Solution File, Format Version 12.00
# Visual Studio Version 17
VisualStudioVersion = 17.5.2.0
MinimumVisualStudioVersion = 10.0.40219.1
Project("{FAE04EC0-301F-11D3-BF4B-00C04F79EFBC}") = "aibotnicdotnet", "aibotnicDotnet\aibotnicdotnet.csproj", "{15A3D3CF-A2BE-E805-F99C-B7691063FCF1}"
EndProject
Project("{FAE04EC0-301F-11D3-BF4B-00C04F79EFBC}") = "aibotnicWeb", "aibotnicWeb\aibotnicWeb.csproj", "{323A4FB6-1D7A-461F-BDAE-23648BE6FB93}"
EndProject
Global
	GlobalSection(SolutionConfigurationPlatforms) = preSolution
		Debug|Any CPU = Debug|Any CPU
		Release|Any CPU = Release|Any CPU
	EndGlobalSection
	GlobalSection(ProjectConfigurationPlatforms) = postSolution
		{15A3D3CF-A2BE-E805-F99C-B7691063FCF1}.Debug|Any CPU.ActiveCfg = Debug|Any CPU
		{15A3D3CF-A2BE-E805-F99C-B7691063FCF1}.Debug|Any CPU.Build.0 = Debug|Any CPU
		{15A3D3CF-A2BE-E805-F99C-B7691063FCF1}.Release|Any CPU.ActiveCfg = Release|Any CPU
		{15A3D3CF-A2BE-E805-F99C-B7691063FCF1}.Release|Any CPU.Build.0 = Release|Any CPU
		{323A4FB6-1D7A-461F-BDAE-23648BE6FB93}.Debug|Any CPU.ActiveCfg = Debug|Any CPU
		{323A4FB6-1D7A-461F-BDAE-23648BE6FB93}.Debug|Any CPU.Build.0 = Debug|Any CPU
		{323A4FB6-1D7A-461F-BDAE-23648BE6FB93}.Release|Any CPU.ActiveCfg = Release|Any CPU
		{323A4FB6-1D7A-461F-BDAE-23648BE6FB93}.Release|Any CPU.Build.0 = Release|Any CPU
	EndGlobalSection
	GlobalSection(SolutionProperties) = preSolution
		HideSolutionNode = FALSE
	EndGlobalSection
	GlobalSection(ExtensibilityGlobals) = postSolution
		SolutionGuid = {F0273D3C-D8D3-4333-B91D-F21C6D5326A5}
	EndGlobalSection
EndGlobal
